<?xml version="1.0" encoding="utf-8"?>
<Project ToolsVersion="4.0" xmlns="http://schemas.microsoft.com/developer/msbuild/2003">
  <ItemGroup>
    <Filter Include="Source Files">
      <UniqueIdentifier>{4FC737F1-C7A5-4376-A066-2A32D752A2FF}</UniqueIdentifier>
      <Extensions>cpp;c;cc;cxx;c++;cppm;ixx;def;odl;idl;hpj;bat;asm;asmx</Extensions>
    </Filter>
    <Filter Include="Header Files">
      <UniqueIdentifier>{93995380-89BD-4b04-88EB-625FBE52EBFB}</UniqueIdentifier>
      <Extensions>h;hh;hpp;hxx;h++;hm;inl;inc;ipp;xsd</Extensions>
    </Filter>
    <Filter Include="Resource Files">
      <UniqueIdentifier>{67DA6AB6-F800-4c08-8B7A-83BB121AAD01}</UniqueIdentifier>
      <Extensions>rc;ico;cur;bmp;dlg;rc2;rct;bin;rgs;gif;jpg;jpeg;jpe;resx;tiff;tif;png;wav;mfcribbon-ms</Extensions>
    </Filter>
    <Filter Include="External">
      <UniqueIdentifier>{a10c659a-d46d-4250-b07a-f664a62a8dd0}</UniqueIdentifier>
    </Filter>
    <Filter Include="Header Files\Vulkan">
      <UniqueIdentifier>{a76633f8-77ee-438d-86a3-d10400a9a051}</UniqueIdentifier>
    </Filter>
    <Filter Include="Header Files\GLFW">
      <UniqueIdentifier>{68e4d12e-782e-4b87-b7f6-680a095d9c74}</UniqueIdentifier>
    </Filter>
    <Filter Include="Source Files\Vulkan">
      <UniqueIdentifier>{bd954213-a467-4f0e-b22d-4e3b290ee62f}</UniqueIdentifier>
    </Filter>
    <Filter Include="Source Files\GLFW">
      <UniqueIdentifier>{66388b95-cdc2-49e7-95b6-8125d04a0c8f}</UniqueIdentifier>
    </Filter>
  </ItemGroup>
  <ItemGroup>
    <ClCompile Include="main.cpp">
      <Filter>Source Files</Filter>
    </ClCompile>
    <ClCompile Include="..\includes\imgui\backends\imgui_impl_glfw.cpp">
      <Filter>External</Filter>
    </ClCompile>
    <ClCompile Include="..\includes\imgui\backends\imgui_impl_vulkan.cpp">
      <Filter>External</Filter>
    </ClCompile>
    <ClCompile Include="..\includes\imgui\misc\cpp\imgui_stdlib.cpp">
      <Filter>External</Filter>
    </ClCompile>
    <ClCompile Include="..\includes\imgui\imgui.cpp">
      <Filter>External</Filter>
    </ClCompile>
    <ClCompile Include="..\includes\imgui\imgui_demo.cpp">
      <Filter>External</Filter>
    </ClCompile>
    <ClCompile Include="..\includes\imgui\imgui_draw.cpp">
      <Filter>External</Filter>
    </ClCompile>
    <ClCompile Include="..\includes\imgui\imgui_tables.cpp">
      <Filter>External</Filter>
    </ClCompile>
    <ClCompile Include="..\includes\imgui\imgui_widgets.cpp">
      <Filter>External</Filter>
    </ClCompile>
    <ClCompile Include="GLFW_Wrapper.cpp">
      <Filter>Source Files\GLFW</Filter>
    </ClCompile>
    <ClCompile Include="GLFW_Window.cpp">
      <Filter>Source Files\GLFW</Filter>
    </ClCompile>
    <ClCompile Include="Vulkan_Wrapper.cpp">
      <Filter>Source Files\Vulkan</Filter>
    </ClCompile>
    <ClCompile Include="Vulkan_Instance.cpp">
      <Filter>Source Files\Vulkan</Filter>
    </ClCompile>
    <ClCompile Include="Vulkan_Debugger.cpp">
      <Filter>Source Files\Vulkan</Filter>
    </ClCompile>
    <ClCompile Include="Vulkan_Surface.cpp">
      <Filter>Source Files\Vulkan</Filter>
    </ClCompile>
    <ClCompile Include="Vulkan_Device.cpp">
      <Filter>Source Files\Vulkan</Filter>
    </ClCompile>
    <ClCompile Include="Vulkan_SwapChain.cpp">
      <Filter>Source Files\Vulkan</Filter>
    </ClCompile>
    <ClCompile Include="Vulkan_Pipeline.cpp">
      <Filter>Source Files\Vulkan</Filter>
    </ClCompile>
    <ClCompile Include="Vulkan_RenderPass.cpp">
      <Filter>Source Files\Vulkan</Filter>
    </ClCompile>
  </ItemGroup>
  <ItemGroup>
    <ClInclude Include="GLFW_Wrapper.h">
      <Filter>Header Files\GLFW</Filter>
    </ClInclude>
    <ClInclude Include="GLFW_Window.h">
      <Filter>Header Files\GLFW</Filter>
    </ClInclude>
    <ClInclude Include="Vulkan_Wrapper.h">
      <Filter>Header Files\Vulkan</Filter>
    </ClInclude>
    <ClInclude Include="Vulkan_Instance.h">
      <Filter>Header Files\Vulkan</Filter>
    </ClInclude>
    <ClInclude Include="Vulkan_Debugger.h">
      <Filter>Header Files\Vulkan</Filter>
    </ClInclude>
    <ClInclude Include="Vulkan_Surface.h">
      <Filter>Header Files\Vulkan</Filter>
    </ClInclude>
    <ClInclude Include="Vulkan_Device.h">
      <Filter>Header Files\Vulkan</Filter>
    </ClInclude>
    <ClInclude Include="Vulkan_SwapChain.h">
      <Filter>Header Files\Vulkan</Filter>
    </ClInclude>
    <ClInclude Include="Vulkan_RenderPass.h">
      <Filter>Header Files\Vulkan</Filter>
    </ClInclude>
    <ClInclude Include="Vulkan_Pipeline.h">
      <Filter>Header Files\Vulkan</Filter>
    </ClInclude>
  </ItemGroup>
  <ItemGroup>
    <None Include="shaders\shader.frag">
      <Filter>Resource Files</Filter>
    </None>
    <None Include="shaders\shader.vert">
      <Filter>Resource Files</Filter>
    </None>
  </ItemGroup>
</Project>